{
  "name": "zero-md-formatter",
  "version": "1.5.0",
  "lockfileVersion": 3,
  "requires": true,
  "packages": {
    "": {
      "name": "zero-md-formatter",
      "version": "1.5.0",
      "license": "MIT",
      "bin": {
        "mdfmt": "src/index.js"
      },
      "engines": {
        "node": ">=24"
      }
    }
  }
}
